
Microsoft Visual Studio Solution File, Format Version 12.00
# Visual Studio 2013
VisualStudioVersion = 12.0.40629.0
MinimumVisualStudioVersion = 10.0.40219.1
Project("{FAE04EC0-301F-11D3-BF4B-00C04F79EFBC}") = "XmlProject", "XmlProject\XmlProject.csproj", "{BB38141E-2352-4DF0-87B8-787DC71887DD}"
EndProject
Global
	GlobalSection(SolutionConfigurationPlatforms) = preSolution
		Debug|Any CPU = Debug|Any CPU
		Release|Any CPU = Release|Any CPU
	EndGlobalSection
	GlobalSection(ProjectConfigurationPlatforms) = postSolution
		{BB38141E-2352-4DF0-87B8-787DC71887DD}.Debug|Any CPU.ActiveCfg = Debug|Any CPU
		{BB38141E-2352-4DF0-87B8-787DC71887DD}.Debug|Any CPU.Build.0 = Debug|Any CPU
		{BB38141E-2352-4DF0-87B8-787DC71887DD}.Release|Any CPU.ActiveCfg = Release|Any CPU
		{BB38141E-2352-4DF0-87B8-787DC71887DD}.Release|Any CPU.Build.0 = Release|Any CPU
	EndGlobalSection
	GlobalSection(SolutionProperties) = preSolution
		HideSolutionNode = FALSE
	EndGlobalSection
EndGlobal
